// !$*UTF8*$!
{
	archiveVersion = 1;
	classes = {
	};
	objectVersion = 56;
	objects = {

/* Begin PBXBuildFile section */
		460130952C40AA00003B31BD /* MainScene in Frameworks */ = {isa = PBXBuildFile; productRef = 460130942C40AA00003B31BD /* MainScene */; };
		461A87702C3E20D8007AEEAF /* HomeScene in Frameworks */ = {isa = PBXBuildFile; productRef = 461A876F2C3E20D8007AEEAF /* HomeScene */; };
		46F2E3D52C3E1C100033530C /* SceneKit in Frameworks */ = {isa = PBXBuildFile; productRef = 46F2E3D42C3E1C100033530C /* SceneKit */; };
		6A005FA72C4A8A0400F59C16 /* DetailScene in Frameworks */ = {isa = PBXBuildFile; productRef = 6A005FA62C4A8A0400F59C16 /* DetailScene */; };
		6A1A512C2C425B5A00D6D386 /* LoginScene in Frameworks */ = {isa = PBXBuildFile; productRef = 6A1A512B2C425B5A00D6D386 /* LoginScene */; };
		6A3776F02C37CF8300D657F9 /* AppDelegate.swift in Sources */ = {isa = PBXBuildFile; fileRef = 6A3776EF2C37CF8300D657F9 /* AppDelegate.swift */; };
		6A3776F22C37CF8300D657F9 /* SceneDelegate.swift in Sources */ = {isa = PBXBuildFile; fileRef = 6A3776F12C37CF8300D657F9 /* SceneDelegate.swift */; };
		6A3776F42C37CF8300D657F9 /* ViewController.swift in Sources */ = {isa = PBXBuildFile; fileRef = 6A3776F32C37CF8300D657F9 /* ViewController.swift */; };
		6A3776F92C37CF8400D657F9 /* Assets.xcassets in Resources */ = {isa = PBXBuildFile; fileRef = 6A3776F82C37CF8400D657F9 /* Assets.xcassets */; };
		6A3776FC2C37CF8400D657F9 /* Base in Resources */ = {isa = PBXBuildFile; fileRef = 6A3776FB2C37CF8400D657F9 /* Base */; };
		6A4B38772C48D0BD004745F3 /* InputAppointmentInfoScene in Frameworks */ = {isa = PBXBuildFile; productRef = 6A4B38762C48D0BD004745F3 /* InputAppointmentInfoScene */; };
		6A4B38792C48D1DD004745F3 /* SelectAppointmentThemeScene in Frameworks */ = {isa = PBXBuildFile; productRef = 6A4B38782C48D1DD004745F3 /* SelectAppointmentThemeScene */; };
		6A7DBD1F2C499416008EFD1F /* SelectAppointmentDateScene in Frameworks */ = {isa = PBXBuildFile; productRef = 6A7DBD1E2C499416008EFD1F /* SelectAppointmentDateScene */; };
		6AAA08AC2C3EB45D007F723E /* SplashScene in Frameworks */ = {isa = PBXBuildFile; productRef = 6AAA08AB2C3EB45D007F723E /* SplashScene */; };
		6AC58F572C4BBF000080EFC6 /* VoteScene in Frameworks */ = {isa = PBXBuildFile; productRef = 6AC58F562C4BBF000080EFC6 /* VoteScene */; };
		6ADDE6DD2C4786B300DA0246 /* AddAppointmentLocationScene in Frameworks */ = {isa = PBXBuildFile; productRef = 6ADDE6DC2C4786B300DA0246 /* AddAppointmentLocationScene */; };
		6AE6D8742C4DF0340061B8CC /* MyPageScene in Frameworks */ = {isa = PBXBuildFile; productRef = 6AE6D8732C4DF0340061B8CC /* MyPageScene */; };
		6AEFDE612C41A69200B427B2 /* GoogleService-Info.plist in Resources */ = {isa = PBXBuildFile; fileRef = 6AEFDE602C41A69200B427B2 /* GoogleService-Info.plist */; };
/* End PBXBuildFile section */

/* Begin PBXFileReference section */
		460130932C40A997003B31BD /* MainScene */ = {isa = PBXFileReference; lastKnownFileType = wrapper; path = MainScene; sourceTree = "<group>"; };
		46B12B3C2C3E19F800B969FC /* HomeScene */ = {isa = PBXFileReference; lastKnownFileType = wrapper; path = HomeScene; sourceTree = "<group>"; };
		6A005FA52C4A891100F59C16 /* DetailScene */ = {isa = PBXFileReference; lastKnownFileType = wrapper; path = DetailScene; sourceTree = "<group>"; };
		6A3776EC2C37CF8300D657F9 /* Yakgwa.app */ = {isa = PBXFileReference; explicitFileType = wrapper.application; includeInIndex = 0; path = Yakgwa.app; sourceTree = BUILT_PRODUCTS_DIR; };
		6A3776EF2C37CF8300D657F9 /* AppDelegate.swift */ = {isa = PBXFileReference; lastKnownFileType = sourcecode.swift; path = AppDelegate.swift; sourceTree = "<group>"; };
		6A3776F12C37CF8300D657F9 /* SceneDelegate.swift */ = {isa = PBXFileReference; lastKnownFileType = sourcecode.swift; path = SceneDelegate.swift; sourceTree = "<group>"; };
		6A3776F32C37CF8300D657F9 /* ViewController.swift */ = {isa = PBXFileReference; lastKnownFileType = sourcecode.swift; path = ViewController.swift; sourceTree = "<group>"; };
		6A3776F82C37CF8400D657F9 /* Assets.xcassets */ = {isa = PBXFileReference; lastKnownFileType = folder.assetcatalog; path = Assets.xcassets; sourceTree = "<group>"; };
		6A3776FB2C37CF8400D657F9 /* Base */ = {isa = PBXFileReference; lastKnownFileType = file.storyboard; name = Base; path = Base.lproj/LaunchScreen.storyboard; sourceTree = "<group>"; };
		6A3776FD2C37CF8400D657F9 /* Info.plist */ = {isa = PBXFileReference; lastKnownFileType = text.plist.xml; path = Info.plist; sourceTree = "<group>"; };
		6A5FDE1F2C475473007B0696 /* CreateAppointmentScene */ = {isa = PBXFileReference; lastKnownFileType = wrapper; path = CreateAppointmentScene; sourceTree = "<group>"; };
		6AAA08AA2C3EB3A9007F723E /* SplashScene */ = {isa = PBXFileReference; lastKnownFileType = wrapper; path = SplashScene; sourceTree = "<group>"; };
		6AB295D92C4BB6560002B0F0 /* VoteScene */ = {isa = PBXFileReference; lastKnownFileType = wrapper; path = VoteScene; sourceTree = "<group>"; };
		6AE6D8722C4DE8A10061B8CC /* MyPageScene */ = {isa = PBXFileReference; lastKnownFileType = wrapper; path = MyPageScene; sourceTree = "<group>"; };
		6AEFDE602C41A69200B427B2 /* GoogleService-Info.plist */ = {isa = PBXFileReference; fileEncoding = 4; lastKnownFileType = text.plist.xml; name = "GoogleService-Info.plist"; path = "../../../../Downloads/GoogleService-Info.plist"; sourceTree = "<group>"; };
		6AEFDE622C41B32500B427B2 /* Yakgwa.entitlements */ = {isa = PBXFileReference; lastKnownFileType = text.plist.entitlements; path = Yakgwa.entitlements; sourceTree = "<group>"; };
		6AFFBF322C3D89A1007E191E /* CoreKit */ = {isa = PBXFileReference; lastKnownFileType = wrapper; path = CoreKit; sourceTree = "<group>"; };
		6AFFBF332C3D89BC007E191E /* DesignSystem */ = {isa = PBXFileReference; lastKnownFileType = wrapper; path = DesignSystem; sourceTree = "<group>"; };
		6AFFBF342C3D89CE007E191E /* Util */ = {isa = PBXFileReference; lastKnownFileType = wrapper; path = Util; sourceTree = "<group>"; };
		6AFFBF352C3D89F1007E191E /* Network */ = {isa = PBXFileReference; lastKnownFileType = wrapper; path = Network; sourceTree = "<group>"; };
		6AFFBF362C3D8A06007E191E /* Local */ = {isa = PBXFileReference; lastKnownFileType = wrapper; path = Local; sourceTree = "<group>"; };
		6AFFBF382C3D8A34007E191E /* LoginScene */ = {isa = PBXFileReference; lastKnownFileType = wrapper; path = LoginScene; sourceTree = "<group>"; };
		6AFFBF3B2C3D8EE6007E191E /* SceneKit */ = {isa = PBXFileReference; lastKnownFileType = wrapper; path = SceneKit; sourceTree = "<group>"; };
/* End PBXFileReference section */

/* Begin PBXFrameworksBuildPhase section */
		6A3776E92C37CF8300D657F9 /* Frameworks */ = {
			isa = PBXFrameworksBuildPhase;
			buildActionMask = 2147483647;
			files = (
				6AE6D8742C4DF0340061B8CC /* MyPageScene in Frameworks */,
				6A005FA72C4A8A0400F59C16 /* DetailScene in Frameworks */,
				460130952C40AA00003B31BD /* MainScene in Frameworks */,
				6A4B38772C48D0BD004745F3 /* InputAppointmentInfoScene in Frameworks */,
				6A1A512C2C425B5A00D6D386 /* LoginScene in Frameworks */,
				6AC58F572C4BBF000080EFC6 /* VoteScene in Frameworks */,
				6A4B38792C48D1DD004745F3 /* SelectAppointmentThemeScene in Frameworks */,
				6ADDE6DD2C4786B300DA0246 /* AddAppointmentLocationScene in Frameworks */,
				6A7DBD1F2C499416008EFD1F /* SelectAppointmentDateScene in Frameworks */,
				461A87702C3E20D8007AEEAF /* HomeScene in Frameworks */,
				46F2E3D52C3E1C100033530C /* SceneKit in Frameworks */,
				6AAA08AC2C3EB45D007F723E /* SplashScene in Frameworks */,
			);
			runOnlyForDeploymentPostprocessing = 0;
		};
/* End PBXFrameworksBuildPhase section */

/* Begin PBXGroup section */
		464CF2022C3B757E00938891 /* Frameworks */ = {
			isa = PBXGroup;
			children = (
			);
			name = Frameworks;
			sourceTree = "<group>";
		};
		6A3776E32C37CF8300D657F9 = {
			isa = PBXGroup;
			children = (
				6AFFBF372C3D8A1B007E191E /* Scene */,
				6AFFBF312C3D897E007E191E /* Core */,
				6A3776EE2C37CF8300D657F9 /* Yakgwa */,
				6A3776ED2C37CF8300D657F9 /* Products */,
				464CF2022C3B757E00938891 /* Frameworks */,
			);
			sourceTree = "<group>";
		};
		6A3776ED2C37CF8300D657F9 /* Products */ = {
			isa = PBXGroup;
			children = (
				6A3776EC2C37CF8300D657F9 /* Yakgwa.app */,
			);
			name = Products;
			sourceTree = "<group>";
		};
		6A3776EE2C37CF8300D657F9 /* Yakgwa */ = {
			isa = PBXGroup;
			children = (
				6AEFDE622C41B32500B427B2 /* Yakgwa.entitlements */,
				6A3776EF2C37CF8300D657F9 /* AppDelegate.swift */,
				6A3776F12C37CF8300D657F9 /* SceneDelegate.swift */,
				6A3776F32C37CF8300D657F9 /* ViewController.swift */,
				6A3776F82C37CF8400D657F9 /* Assets.xcassets */,
				6A3776FA2C37CF8400D657F9 /* LaunchScreen.storyboard */,
				6A3776FD2C37CF8400D657F9 /* Info.plist */,
				6AEFDE602C41A69200B427B2 /* GoogleService-Info.plist */,
			);
			path = Yakgwa;
			sourceTree = "<group>";
		};
		6AFFBF312C3D897E007E191E /* Core */ = {
			isa = PBXGroup;
			children = (
				6AFFBF362C3D8A06007E191E /* Local */,
				6AFFBF352C3D89F1007E191E /* Network */,
				6AFFBF342C3D89CE007E191E /* Util */,
				6AFFBF332C3D89BC007E191E /* DesignSystem */,
				6AFFBF322C3D89A1007E191E /* CoreKit */,
			);
			path = Core;
			sourceTree = "<group>";
		};
		6AFFBF372C3D8A1B007E191E /* Scene */ = {
			isa = PBXGroup;
			children = (
				6AE6D8722C4DE8A10061B8CC /* MyPageScene */,
				6AB295D92C4BB6560002B0F0 /* VoteScene */,
				6A005FA52C4A891100F59C16 /* DetailScene */,
				6A5FDE1F2C475473007B0696 /* CreateAppointmentScene */,
				460130932C40A997003B31BD /* MainScene */,
				6AAA08AA2C3EB3A9007F723E /* SplashScene */,
				46B12B3C2C3E19F800B969FC /* HomeScene */,
				6AFFBF3B2C3D8EE6007E191E /* SceneKit */,
				6AFFBF382C3D8A34007E191E /* LoginScene */,
			);
			path = Scene;
			sourceTree = "<group>";
		};
/* End PBXGroup section */

/* Begin PBXNativeTarget section */
		6A3776EB2C37CF8300D657F9 /* Yakgwa */ = {
			isa = PBXNativeTarget;
			buildConfigurationList = 6A3777002C37CF8400D657F9 /* Build configuration list for PBXNativeTarget "Yakgwa" */;
			buildPhases = (
				6A3776E82C37CF8300D657F9 /* Sources */,
				6A3776E92C37CF8300D657F9 /* Frameworks */,
				6A3776EA2C37CF8300D657F9 /* Resources */,
			);
			buildRules = (
			);
			dependencies = (
			);
			name = Yakgwa;
			packageProductDependencies = (
				46F2E3D42C3E1C100033530C /* SceneKit */,
				461A876F2C3E20D8007AEEAF /* HomeScene */,
				6AAA08AB2C3EB45D007F723E /* SplashScene */,
				460130942C40AA00003B31BD /* MainScene */,
				6A1A512B2C425B5A00D6D386 /* LoginScene */,
				6ADDE6DC2C4786B300DA0246 /* AddAppointmentLocationScene */,
				6A4B38762C48D0BD004745F3 /* InputAppointmentInfoScene */,
				6A4B38782C48D1DD004745F3 /* SelectAppointmentThemeScene */,
				6A7DBD1E2C499416008EFD1F /* SelectAppointmentDateScene */,
				6A005FA62C4A8A0400F59C16 /* DetailScene */,
				6AC58F562C4BBF000080EFC6 /* VoteScene */,
				6AE6D8732C4DF0340061B8CC /* MyPageScene */,
			);
			productName = Yakgwa;
			productReference = 6A3776EC2C37CF8300D657F9 /* Yakgwa.app */;
			productType = "com.apple.product-type.application";
		};
/* End PBXNativeTarget section */

/* Begin PBXProject section */
		6A3776E42C37CF8300D657F9 /* Project object */ = {
			isa = PBXProject;
			attributes = {
				BuildIndependentTargetsInParallel = 1;
				LastSwiftUpdateCheck = 1540;
				LastUpgradeCheck = 1540;
				TargetAttributes = {
					6A3776EB2C37CF8300D657F9 = {
						CreatedOnToolsVersion = 15.4;
					};
				};
			};
			buildConfigurationList = 6A3776E72C37CF8300D657F9 /* Build configuration list for PBXProject "Yakgwa" */;
			compatibilityVersion = "Xcode 14.0";
			developmentRegion = en;
			hasScannedForEncodings = 0;
			knownRegions = (
				en,
				Base,
			);
			mainGroup = 6A3776E32C37CF8300D657F9;
			productRefGroup = 6A3776ED2C37CF8300D657F9 /* Products */;
			projectDirPath = "";
			projectRoot = "";
			targets = (
				6A3776EB2C37CF8300D657F9 /* Yakgwa */,
			);
		};
/* End PBXProject section */

/* Begin PBXResourcesBuildPhase section */
		6A3776EA2C37CF8300D657F9 /* Resources */ = {
			isa = PBXResourcesBuildPhase;
			buildActionMask = 2147483647;
			files = (
				6A3776F92C37CF8400D657F9 /* Assets.xcassets in Resources */,
				6A3776FC2C37CF8400D657F9 /* Base in Resources */,
				6AEFDE612C41A69200B427B2 /* GoogleService-Info.plist in Resources */,
			);
			runOnlyForDeploymentPostprocessing = 0;
		};
/* End PBXResourcesBuildPhase section */

/* Begin PBXSourcesBuildPhase section */
		6A3776E82C37CF8300D657F9 /* Sources */ = {
			isa = PBXSourcesBuildPhase;
			buildActionMask = 2147483647;
			files = (
				6A3776F42C37CF8300D657F9 /* ViewController.swift in Sources */,
				6A3776F02C37CF8300D657F9 /* AppDelegate.swift in Sources */,
				6A3776F22C37CF8300D657F9 /* SceneDelegate.swift in Sources */,
			);
			runOnlyForDeploymentPostprocessing = 0;
		};
/* End PBXSourcesBuildPhase section */

/* Begin PBXVariantGroup section */
		6A3776FA2C37CF8400D657F9 /* LaunchScreen.storyboard */ = {
			isa = PBXVariantGroup;
			children = (
				6A3776FB2C37CF8400D657F9 /* Base */,
			);
			name = LaunchScreen.storyboard;
			sourceTree = "<group>";
		};
/* End PBXVariantGroup section */

/* Begin XCBuildConfiguration section */
		6A3776FE2C37CF8400D657F9 /* Debug */ = {
			isa = XCBuildConfiguration;
			buildSettings = {
				ALWAYS_SEARCH_USER_PATHS = NO;
				ASSETCATALOG_COMPILER_GENERATE_SWIFT_ASSET_SYMBOL_EXTENSIONS = YES;
				CLANG_ANALYZER_NONNULL = YES;
				CLANG_ANALYZER_NUMBER_OBJECT_CONVERSION = YES_AGGRESSIVE;
				CLANG_CXX_LANGUAGE_STANDARD = "gnu++20";
				CLANG_ENABLE_MODULES = YES;
				CLANG_ENABLE_OBJC_ARC = YES;
				CLANG_ENABLE_OBJC_WEAK = YES;
				CLANG_WARN_BLOCK_CAPTURE_AUTORELEASING = YES;
				CLANG_WARN_BOOL_CONVERSION = YES;
				CLANG_WARN_COMMA = YES;
				CLANG_WARN_CONSTANT_CONVERSION = YES;
				CLANG_WARN_DEPRECATED_OBJC_IMPLEMENTATIONS = YES;
				CLANG_WARN_DIRECT_OBJC_ISA_USAGE = YES_ERROR;
				CLANG_WARN_DOCUMENTATION_COMMENTS = YES;
				CLANG_WARN_EMPTY_BODY = YES;
				CLANG_WARN_ENUM_CONVERSION = YES;
				CLANG_WARN_INFINITE_RECURSION = YES;
				CLANG_WARN_INT_CONVERSION = YES;
				CLANG_WARN_NON_LITERAL_NULL_CONVERSION = YES;
				CLANG_WARN_OBJC_IMPLICIT_RETAIN_SELF = YES;
				CLANG_WARN_OBJC_LITERAL_CONVERSION = YES;
				CLANG_WARN_OBJC_ROOT_CLASS = YES_ERROR;
				CLANG_WARN_QUOTED_INCLUDE_IN_FRAMEWORK_HEADER = YES;
				CLANG_WARN_RANGE_LOOP_ANALYSIS = YES;
				CLANG_WARN_STRICT_PROTOTYPES = YES;
				CLANG_WARN_SUSPICIOUS_MOVE = YES;
				CLANG_WARN_UNGUARDED_AVAILABILITY = YES_AGGRESSIVE;
				CLANG_WARN_UNREACHABLE_CODE = YES;
				CLANG_WARN__DUPLICATE_METHOD_MATCH = YES;
				COPY_PHASE_STRIP = NO;
				DEBUG_INFORMATION_FORMAT = dwarf;
				ENABLE_STRICT_OBJC_MSGSEND = YES;
				ENABLE_TESTABILITY = YES;
				ENABLE_USER_SCRIPT_SANDBOXING = YES;
				GCC_C_LANGUAGE_STANDARD = gnu17;
				GCC_DYNAMIC_NO_PIC = NO;
				GCC_NO_COMMON_BLOCKS = YES;
				GCC_OPTIMIZATION_LEVEL = 0;
				GCC_PREPROCESSOR_DEFINITIONS = (
					"DEBUG=1",
					"$(inherited)",
				);
				GCC_WARN_64_TO_32_BIT_CONVERSION = YES;
				GCC_WARN_ABOUT_RETURN_TYPE = YES_ERROR;
				GCC_WARN_UNDECLARED_SELECTOR = YES;
				GCC_WARN_UNINITIALIZED_AUTOS = YES_AGGRESSIVE;
				GCC_WARN_UNUSED_FUNCTION = YES;
				GCC_WARN_UNUSED_VARIABLE = YES;
				IPHONEOS_DEPLOYMENT_TARGET = 17.5;
				LOCALIZATION_PREFERS_STRING_CATALOGS = YES;
				MTL_ENABLE_DEBUG_INFO = INCLUDE_SOURCE;
				MTL_FAST_MATH = YES;
				ONLY_ACTIVE_ARCH = YES;
				SDKROOT = iphoneos;
				SWIFT_ACTIVE_COMPILATION_CONDITIONS = "DEBUG $(inherited)";
				SWIFT_OPTIMIZATION_LEVEL = "-Onone";
			};
			name = Debug;
		};
		6A3776FF2C37CF8400D657F9 /* Release */ = {
			isa = XCBuildConfiguration;
			buildSettings = {
				ALWAYS_SEARCH_USER_PATHS = NO;
				ASSETCATALOG_COMPILER_GENERATE_SWIFT_ASSET_SYMBOL_EXTENSIONS = YES;
				CLANG_ANALYZER_NONNULL = YES;
				CLANG_ANALYZER_NUMBER_OBJECT_CONVERSION = YES_AGGRESSIVE;
				CLANG_CXX_LANGUAGE_STANDARD = "gnu++20";
				CLANG_ENABLE_MODULES = YES;
				CLANG_ENABLE_OBJC_ARC = YES;
				CLANG_ENABLE_OBJC_WEAK = YES;
				CLANG_WARN_BLOCK_CAPTURE_AUTORELEASING = YES;
				CLANG_WARN_BOOL_CONVERSION = YES;
				CLANG_WARN_COMMA = YES;
				CLANG_WARN_CONSTANT_CONVERSION = YES;
				CLANG_WARN_DEPRECATED_OBJC_IMPLEMENTATIONS = YES;
				CLANG_WARN_DIRECT_OBJC_ISA_USAGE = YES_ERROR;
				CLANG_WARN_DOCUMENTATION_COMMENTS = YES;
				CLANG_WARN_EMPTY_BODY = YES;
				CLANG_WARN_ENUM_CONVERSION = YES;
				CLANG_WARN_INFINITE_RECURSION = YES;
				CLANG_WARN_INT_CONVERSION = YES;
				CLANG_WARN_NON_LITERAL_NULL_CONVERSION = YES;
				CLANG_WARN_OBJC_IMPLICIT_RETAIN_SELF = YES;
				CLANG_WARN_OBJC_LITERAL_CONVERSION = YES;
				CLANG_WARN_OBJC_ROOT_CLASS = YES_ERROR;
				CLANG_WARN_QUOTED_INCLUDE_IN_FRAMEWORK_HEADER = YES;
				CLANG_WARN_RANGE_LOOP_ANALYSIS = YES;
				CLANG_WARN_STRICT_PROTOTYPES = YES;
				CLANG_WARN_SUSPICIOUS_MOVE = YES;
				CLANG_WARN_UNGUARDED_AVAILABILITY = YES_AGGRESSIVE;
				CLANG_WARN_UNREACHABLE_CODE = YES;
				CLANG_WARN__DUPLICATE_METHOD_MATCH = YES;
				COPY_PHASE_STRIP = NO;
				DEBUG_INFORMATION_FORMAT = "dwarf-with-dsym";
				ENABLE_NS_ASSERTIONS = NO;
				ENABLE_STRICT_OBJC_MSGSEND = YES;
				ENABLE_USER_SCRIPT_SANDBOXING = YES;
				GCC_C_LANGUAGE_STANDARD = gnu17;
				GCC_NO_COMMON_BLOCKS = YES;
				GCC_WARN_64_TO_32_BIT_CONVERSION = YES;
				GCC_WARN_ABOUT_RETURN_TYPE = YES_ERROR;
				GCC_WARN_UNDECLARED_SELECTOR = YES;
				GCC_WARN_UNINITIALIZED_AUTOS = YES_AGGRESSIVE;
				GCC_WARN_UNUSED_FUNCTION = YES;
				GCC_WARN_UNUSED_VARIABLE = YES;
				IPHONEOS_DEPLOYMENT_TARGET = 17.5;
				LOCALIZATION_PREFERS_STRING_CATALOGS = YES;
				MTL_ENABLE_DEBUG_INFO = NO;
				MTL_FAST_MATH = YES;
				SDKROOT = iphoneos;
				SWIFT_COMPILATION_MODE = wholemodule;
				VALIDATE_PRODUCT = YES;
			};
			name = Release;
		};
		6A3777012C37CF8400D657F9 /* Debug */ = {
			isa = XCBuildConfiguration;
			buildSettings = {
				ASSETCATALOG_COMPILER_APPICON_NAME = AppIcon;
				ASSETCATALOG_COMPILER_GLOBAL_ACCENT_COLOR_NAME = AccentColor;
				CODE_SIGN_ENTITLEMENTS = Yakgwa/Yakgwa.entitlements;
				CODE_SIGN_STYLE = Automatic;
				CURRENT_PROJECT_VERSION = 1;
				DEVELOPMENT_TEAM = 34JS69S5XZ;
				GENERATE_INFOPLIST_FILE = YES;
				INFOPLIST_FILE = Yakgwa/Info.plist;
				INFOPLIST_KEY_UIApplicationSupportsIndirectInputEvents = YES;
				INFOPLIST_KEY_UILaunchStoryboardName = LaunchScreen;
				INFOPLIST_KEY_UISupportedInterfaceOrientations_iPad = "UIInterfaceOrientationPortrait UIInterfaceOrientationPortraitUpsideDown UIInterfaceOrientationLandscapeLeft UIInterfaceOrientationLandscapeRight";
				INFOPLIST_KEY_UISupportedInterfaceOrientations_iPhone = "UIInterfaceOrientationPortrait UIInterfaceOrientationLandscapeLeft UIInterfaceOrientationLandscapeRight";
				LD_RUNPATH_SEARCH_PATHS = (
					"$(inherited)",
					"@executable_path/Frameworks",
				);
				MARKETING_VERSION = 1.0;
				PRODUCT_BUNDLE_IDENTIFIER = yakgwa.Yakgwa;
				PRODUCT_NAME = "$(TARGET_NAME)";
				SWIFT_EMIT_LOC_STRINGS = YES;
				SWIFT_VERSION = 5.0;
				TARGETED_DEVICE_FAMILY = "1,2";
			};
			name = Debug;
		};
		6A3777022C37CF8400D657F9 /* Release */ = {
			isa = XCBuildConfiguration;
			buildSettings = {
				ASSETCATALOG_COMPILER_APPICON_NAME = AppIcon;
				ASSETCATALOG_COMPILER_GLOBAL_ACCENT_COLOR_NAME = AccentColor;
				CODE_SIGN_ENTITLEMENTS = Yakgwa/Yakgwa.entitlements;
				CODE_SIGN_STYLE = Automatic;
				CURRENT_PROJECT_VERSION = 1;
				DEVELOPMENT_TEAM = 34JS69S5XZ;
				GENERATE_INFOPLIST_FILE = YES;
				INFOPLIST_FILE = Yakgwa/Info.plist;
				INFOPLIST_KEY_UIApplicationSupportsIndirectInputEvents = YES;
				INFOPLIST_KEY_UILaunchStoryboardName = LaunchScreen;
				INFOPLIST_KEY_UISupportedInterfaceOrientations_iPad = "UIInterfaceOrientationPortrait UIInterfaceOrientationPortraitUpsideDown UIInterfaceOrientationLandscapeLeft UIInterfaceOrientationLandscapeRight";
				INFOPLIST_KEY_UISupportedInterfaceOrientations_iPhone = "UIInterfaceOrientationPortrait UIInterfaceOrientationLandscapeLeft UIInterfaceOrientationLandscapeRight";
				LD_RUNPATH_SEARCH_PATHS = (
					"$(inherited)",
					"@executable_path/Frameworks",
				);
				MARKETING_VERSION = 1.0;
				PRODUCT_BUNDLE_IDENTIFIER = yakgwa.Yakgwa;
				PRODUCT_NAME = "$(TARGET_NAME)";
				SWIFT_EMIT_LOC_STRINGS = YES;
				SWIFT_VERSION = 5.0;
				TARGETED_DEVICE_FAMILY = "1,2";
			};
			name = Release;
		};
/* End XCBuildConfiguration section */

/* Begin XCConfigurationList section */
		6A3776E72C37CF8300D657F9 /* Build configuration list for PBXProject "Yakgwa" */ = {
			isa = XCConfigurationList;
			buildConfigurations = (
				6A3776FE2C37CF8400D657F9 /* Debug */,
				6A3776FF2C37CF8400D657F9 /* Release */,
			);
			defaultConfigurationIsVisible = 0;
			defaultConfigurationName = Release;
		};
		6A3777002C37CF8400D657F9 /* Build configuration list for PBXNativeTarget "Yakgwa" */ = {
			isa = XCConfigurationList;
			buildConfigurations = (
				6A3777012C37CF8400D657F9 /* Debug */,
				6A3777022C37CF8400D657F9 /* Release */,
			);
			defaultConfigurationIsVisible = 0;
			defaultConfigurationName = Release;
		};
/* End XCConfigurationList section */

/* Begin XCSwiftPackageProductDependency section */
		460130942C40AA00003B31BD /* MainScene */ = {
			isa = XCSwiftPackageProductDependency;
			productName = MainScene;
		};
		461A876F2C3E20D8007AEEAF /* HomeScene */ = {
			isa = XCSwiftPackageProductDependency;
			productName = HomeScene;
		};
		46F2E3D42C3E1C100033530C /* SceneKit */ = {
			isa = XCSwiftPackageProductDependency;
			productName = SceneKit;
		};
		6A005FA62C4A8A0400F59C16 /* DetailScene */ = {
			isa = XCSwiftPackageProductDependency;
			productName = DetailScene;
		};
		6A1A512B2C425B5A00D6D386 /* LoginScene */ = {
			isa = XCSwiftPackageProductDependency;
			productName = LoginScene;
		};
		6A4B38762C48D0BD004745F3 /* InputAppointmentInfoScene */ = {
			isa = XCSwiftPackageProductDependency;
			productName = InputAppointmentInfoScene;
		};
		6A4B38782C48D1DD004745F3 /* SelectAppointmentThemeScene */ = {
			isa = XCSwiftPackageProductDependency;
			productName = SelectAppointmentThemeScene;
		};
		6A7DBD1E2C499416008EFD1F /* SelectAppointmentDateScene */ = {
			isa = XCSwiftPackageProductDependency;
			productName = SelectAppointmentDateScene;
		};
		6AAA08AB2C3EB45D007F723E /* SplashScene */ = {
			isa = XCSwiftPackageProductDependency;
			productName = SplashScene;
		};
		6AC58F562C4BBF000080EFC6 /* VoteScene */ = {
			isa = XCSwiftPackageProductDependency;
			productName = VoteScene;
		};
		6ADDE6DC2C4786B300DA0246 /* AddAppointmentLocationScene */ = {
			isa = XCSwiftPackageProductDependency;
			productName = AddAppointmentLocationScene;
		};
		6AE6D8732C4DF0340061B8CC /* MyPageScene */ = {
			isa = XCSwiftPackageProductDependency;
			productName = MyPageScene;
		};
/* End XCSwiftPackageProductDependency section */
	};
	rootObject = 6A3776E42C37CF8300D657F9 /* Project object */;
}
